
Microsoft Visual Studio Solution File, Format Version 12.00
# Visual Studio Version 17
VisualStudioVersion = 17.5.002.0
MinimumVisualStudioVersion = 10.0.40219.1
Project("{9A19103F-16F7-4668-BE54-9A1E7A4F7556}") = "Consultas", "Consultas.csproj", "{E0816E3F-E20E-4746-9FD1-4DB9A8E3168D}"
EndProject
Global
	GlobalSection(SolutionConfigurationPlatforms) = preSolution
		Debug|Any CPU = Debug|Any CPU
		Release|Any CPU = Release|Any CPU
	EndGlobalSection
	GlobalSection(ProjectConfigurationPlatforms) = postSolution
		{E0816E3F-E20E-4746-9FD1-4DB9A8E3168D}.Debug|Any CPU.ActiveCfg = Debug|Any CPU
		{E0816E3F-E20E-4746-9FD1-4DB9A8E3168D}.Debug|Any CPU.Build.0 = Debug|Any CPU
		{E0816E3F-E20E-4746-9FD1-4DB9A8E3168D}.Release|Any CPU.ActiveCfg = Release|Any CPU
		{E0816E3F-E20E-4746-9FD1-4DB9A8E3168D}.Release|Any CPU.Build.0 = Release|Any CPU
	EndGlobalSection
	GlobalSection(SolutionProperties) = preSolution
		HideSolutionNode = FALSE
	EndGlobalSection
	GlobalSection(ExtensibilityGlobals) = postSolution
		SolutionGuid = {4C492EE6-64D1-4009-8691-444CAC35D639}
	EndGlobalSection
EndGlobal
